
Microsoft Visual Studio Solution File, Format Version 12.00
# Visual Studio 15
VisualStudioVersion = 15.0.28307.489
MinimumVisualStudioVersion = 10.0.40219.1
Project("{FAE04EC0-301F-11D3-BF4B-00C04F79EFBC}") = "LinearMoleculesApp", "LinearMoleculesApp\LinearMoleculesApp.csproj", "{4153E8C8-F7DC-4864-86A4-838BF7B1A479}"
EndProject
Global
	GlobalSection(SolutionConfigurationPlatforms) = preSolution
		Debug|Any CPU = Debug|Any CPU
		Release|Any CPU = Release|Any CPU
	EndGlobalSection
	GlobalSection(ProjectConfigurationPlatforms) = postSolution
		{4153E8C8-F7DC-4864-86A4-838BF7B1A479}.Debug|Any CPU.ActiveCfg = Debug|Any CPU
		{4153E8C8-F7DC-4864-86A4-838BF7B1A479}.Debug|Any CPU.Build.0 = Debug|Any CPU
		{4153E8C8-F7DC-4864-86A4-838BF7B1A479}.Release|Any CPU.ActiveCfg = Release|Any CPU
		{4153E8C8-F7DC-4864-86A4-838BF7B1A479}.Release|Any CPU.Build.0 = Release|Any CPU
	EndGlobalSection
	GlobalSection(SolutionProperties) = preSolution
		HideSolutionNode = FALSE
	EndGlobalSection
	GlobalSection(ExtensibilityGlobals) = postSolution
		SolutionGuid = {D42EE17A-EB3A-479E-8D4B-AF1A2E07CE6A}
	EndGlobalSection
EndGlobal
